
Microsoft Visual Studio Solution File, Format Version 12.00
# Visual Studio Version 17
VisualStudioVersion = 17.6.33829.357
MinimumVisualStudioVersion = 10.0.40219.1
Project("{2150E333-8FDC-42A3-9474-1A3956D46DE8}") = "src", "src", "{4B9D77C9-4F83-46AF-BCAA-AF75759061AF}"
EndProject
Project("{9A19103F-16F7-4668-BE54-9A1E7A4F7556}") = "FileConvertor.Desktop", "src\FileConvertor.Desktop\FileConvertor.Desktop.csproj", "{203739CC-0980-4C37-A0D2-495CE6CB5652}"
EndProject
Global
	GlobalSection(SolutionConfigurationPlatforms) = preSolution
		Debug|Any CPU = Debug|Any CPU
		Release|Any CPU = Release|Any CPU
	EndGlobalSection
	GlobalSection(ProjectConfigurationPlatforms) = postSolution
		{203739CC-0980-4C37-A0D2-495CE6CB5652}.Debug|Any CPU.ActiveCfg = Debug|Any CPU
		{203739CC-0980-4C37-A0D2-495CE6CB5652}.Debug|Any CPU.Build.0 = Debug|Any CPU
		{203739CC-0980-4C37-A0D2-495CE6CB5652}.Release|Any CPU.ActiveCfg = Release|Any CPU
		{203739CC-0980-4C37-A0D2-495CE6CB5652}.Release|Any CPU.Build.0 = Release|Any CPU
	EndGlobalSection
	GlobalSection(SolutionProperties) = preSolution
		HideSolutionNode = FALSE
	EndGlobalSection
	GlobalSection(NestedProjects) = preSolution
		{203739CC-0980-4C37-A0D2-495CE6CB5652} = {4B9D77C9-4F83-46AF-BCAA-AF75759061AF}
	EndGlobalSection
	GlobalSection(ExtensibilityGlobals) = postSolution
		SolutionGuid = {97AE0273-84AE-4694-A350-120DD25E338F}
	EndGlobalSection
EndGlobal
